
Microsoft Visual Studio Solution File, Format Version 12.00
# Visual Studio Version 17
VisualStudioVersion = 17.10.34916.146
MinimumVisualStudioVersion = 10.0.40219.1
Project("{FAE04EC0-301F-11D3-BF4B-00C04F79EFBC}") = "Militaria1", "Militaria1\Militaria1.csproj", "{4F797FDE-EAE9-42E9-8787-7AD17867975B}"
EndProject
Global
	GlobalSection(SolutionConfigurationPlatforms) = preSolution
		Debug|Any CPU = Debug|Any CPU
		Release|Any CPU = Release|Any CPU
	EndGlobalSection
	GlobalSection(ProjectConfigurationPlatforms) = postSolution
		{4F797FDE-EAE9-42E9-8787-7AD17867975B}.Debug|Any CPU.ActiveCfg = Debug|Any CPU
		{4F797FDE-EAE9-42E9-8787-7AD17867975B}.Debug|Any CPU.Build.0 = Debug|Any CPU
		{4F797FDE-EAE9-42E9-8787-7AD17867975B}.Release|Any CPU.ActiveCfg = Release|Any CPU
		{4F797FDE-EAE9-42E9-8787-7AD17867975B}.Release|Any CPU.Build.0 = Release|Any CPU
	EndGlobalSection
	GlobalSection(SolutionProperties) = preSolution
		HideSolutionNode = FALSE
	EndGlobalSection
	GlobalSection(ExtensibilityGlobals) = postSolution
		SolutionGuid = {A5C44225-4242-4884-8702-863E15C486B6}
	EndGlobalSection
EndGlobal
